
Microsoft Visual Studio Solution File, Format Version 12.00
# Visual Studio Version 17
VisualStudioVersion = 17.5.33502.453
MinimumVisualStudioVersion = 10.0.40219.1
Project("{FAE04EC0-301F-11D3-BF4B-00C04F79EFBC}") = "SnakeandLadder-UC1", "SnakeandLadder-UC1.csproj", "{C0968511-FC1F-4965-885C-B717B34795E1}"
EndProject
Global
	GlobalSection(SolutionConfigurationPlatforms) = preSolution
		Debug|Any CPU = Debug|Any CPU
		Release|Any CPU = Release|Any CPU
	EndGlobalSection
	GlobalSection(ProjectConfigurationPlatforms) = postSolution
		{C0968511-FC1F-4965-885C-B717B34795E1}.Debug|Any CPU.ActiveCfg = Debug|Any CPU
		{C0968511-FC1F-4965-885C-B717B34795E1}.Debug|Any CPU.Build.0 = Debug|Any CPU
		{C0968511-FC1F-4965-885C-B717B34795E1}.Release|Any CPU.ActiveCfg = Release|Any CPU
		{C0968511-FC1F-4965-885C-B717B34795E1}.Release|Any CPU.Build.0 = Release|Any CPU
	EndGlobalSection
	GlobalSection(SolutionProperties) = preSolution
		HideSolutionNode = FALSE
	EndGlobalSection
	GlobalSection(ExtensibilityGlobals) = postSolution
		SolutionGuid = {72EF1D09-D153-4166-9828-86AB1A1AAD14}
	EndGlobalSection
EndGlobal
